
Microsoft Visual Studio Solution File, Format Version 12.00
# Visual Studio 15
VisualStudioVersion = 15.0.27004.2005
MinimumVisualStudioVersion = 10.0.40219.1
Project("{FAE04EC0-301F-11D3-BF4B-00C04F79EFBC}") = "telegramAchivements", "telegramAchivements\telegramAchivements.csproj", "{B4B7A371-FF5A-48B9-8676-5FECA4BCA9E1}"
EndProject
Global
	GlobalSection(SolutionConfigurationPlatforms) = preSolution
		Debug|Any CPU = Debug|Any CPU
		Release|Any CPU = Release|Any CPU
	EndGlobalSection
	GlobalSection(ProjectConfigurationPlatforms) = postSolution
		{B4B7A371-FF5A-48B9-8676-5FECA4BCA9E1}.Debug|Any CPU.ActiveCfg = Debug|Any CPU
		{B4B7A371-FF5A-48B9-8676-5FECA4BCA9E1}.Debug|Any CPU.Build.0 = Debug|Any CPU
		{B4B7A371-FF5A-48B9-8676-5FECA4BCA9E1}.Release|Any CPU.ActiveCfg = Release|Any CPU
		{B4B7A371-FF5A-48B9-8676-5FECA4BCA9E1}.Release|Any CPU.Build.0 = Release|Any CPU
	EndGlobalSection
	GlobalSection(SolutionProperties) = preSolution
		HideSolutionNode = FALSE
	EndGlobalSection
	GlobalSection(ExtensibilityGlobals) = postSolution
		SolutionGuid = {5D1D6B90-860A-4490-A948-5461101FE710}
	EndGlobalSection
EndGlobal
